<Solution>
  <Folder Name="/src/">
    <Project Path="src/Sim.Accounting/Sim.Accounting.csproj" />
    <Project Path="src/Sim.Api/Sim.Api.csproj" />
    <Project Path="src/Sim.Application/Sim.Application.csproj" />
    <Project Path="src/Sim.Control/Sim.Control.csproj" />
    <Project Path="src/Sim.Energy/Sim.Energy.csproj" />
    <Project Path="src/Sim.Infrastructure/Sim.Infrastructure.csproj" />
    <Project Path="src/Sim.SharedKernel/Sim.SharedKernel.csproj" />
    <Project Path="src/Sim.Simulation/Sim.Simulation.csproj" />
  </Folder>
  <Folder Name="/tests/">
    <Project Path="tests/Sim.Architecture.Tests/Sim.Architecture.Tests.csproj" />
    <Project Path="tests/Sim.Domain.Tests/Sim.Domain.Tests.csproj" />
  </Folder>
</Solution>
